{
  "lockfileVersion": 1,
  "configVersion": 1,
  "workspaces": {
    "": {
      "name": "@datum-cloud/assistant",
      "dependencies": {
        "@ai-sdk/anthropic": "3.0.85",
        "@ai-sdk/mcp": "1.0.61",
        "@ai-sdk/openai-compatible": "2.0.59",
        "@hono/node-server": "2.0.0",
        "ai": "6.0.208",
        "hono": "4.12.26",
        "jose": "6.1.0",
        "zod": "4.4.3",
      },
      "devDependencies": {
        "@types/bun": "1.3.10",
        "@types/node": "22.10.2",
        "typescript": "5.7.3",
      },
    },
  },
  "packages": {
    "@ai-sdk/anthropic": ["@ai-sdk/anthropic@3.0.85", "", { "dependencies": { "@ai-sdk/provider": "3.0.10", "@ai-sdk/provider-utils": "4.0.30" }, "peerDependencies": { "zod": "^3.25.76 || ^4.1.8" } }, "sha512-fNeDB644l5wbRNQU0FnI+F7UTtOenMnPtACfMPUJaS2zJfuBlseEa1TMg+otHkETZgaJB+6Na51NQEv0+m7czw=="],

    "@ai-sdk/gateway": ["@ai-sdk/gateway@3.0.133", "", { "dependencies": { "@ai-sdk/provider": "3.0.10", "@ai-sdk/provider-utils": "4.0.30", "@vercel/oidc": "3.2.0" }, "peerDependencies": { "zod": "^3.25.76 || ^4.1.8" } }, "sha512-Ebs+7iS9zUgJu5B0RlxM2JmDWzq79Cpd6YdiqcCzB5qFdpfQJPUDiXutqlQP89F2XGjOdDeidulBTXUdXWzOxw=="],

    "@ai-sdk/mcp": ["@ai-sdk/mcp@1.0.61", "", { "dependencies": { "@ai-sdk/provider": "3.0.14", "@ai-sdk/provider-utils": "4.0.38", "pkce-challenge": "^5.0.0" }, "peerDependencies": { "zod": "^3.25.76 || ^4.1.8" } }, "sha512-kHwafUfkh0fuJ4aLYo/TcXMeN8zbWTb9dZ4XgSwC4Yn9f37kMDkRaRJjUrI+jnWNddydkjv9dzIwkQG4ck9O7g=="],

    "@ai-sdk/openai-compatible": ["@ai-sdk/openai-compatible@2.0.59", "", { "dependencies": { "@ai-sdk/provider": "3.0.14", "@ai-sdk/provider-utils": "4.0.38" }, "peerDependencies": { "zod": "^3.25.76 || ^4.1.8" } }, "sha512-CFsUizO+jL+jSlN13rW2nQE9EbWx+8PSFBdB3TtD0UGYOxtefCVa5hsrNo5NUOJJGX5f4xHiXE1i2m5nQ80QPg=="],

    "@ai-sdk/provider": ["@ai-sdk/provider@3.0.10", "", { "dependencies": { "json-schema": "^0.4.0" } }, "sha512-Q3BZ27qfpYqnCYGvE3vt+Qi6LGOF9R5Nmzn+9JoM1lCRsD9mYaIhfJLkSunN48nfGXJ6n+XNV0J/XVpqGQl7Dw=="],

    "@ai-sdk/provider-utils": ["@ai-sdk/provider-utils@4.0.30", "", { "dependencies": { "@ai-sdk/provider": "3.0.10", "@standard-schema/spec": "^1.1.0", "eventsource-parser": "^3.0.8" }, "peerDependencies": { "zod": "^3.25.76 || ^4.1.8" } }, "sha512-VO7I+vPffqI5sMnPoUq5DCSqKIgQIk/naJWRdQVpz2ma2zoprC/lqiJiUEl2s6DfvTD76TbhD3q39ROjlA6rGw=="],

    "@hono/node-server": ["@hono/node-server@2.0.0", "", { "peerDependencies": { "hono": "^4" } }, "sha512-n3GfHwwCvHCkGmOwKfxUPOlbfzuO64Sbc5XC4NGPIXxkuOnJrdgExdRKmHfF924r914WRJPT397GdqLvdYTeyQ=="],

    "@opentelemetry/api": ["@opentelemetry/api@1.9.1", "", {}, "sha512-gLyJlPHPZYdAk1JENA9LeHejZe1Ti77/pTeFm/nMXmQH/HFZlcS/O2XJB+L8fkbrNSqhdtlvjBVjxwUYanNH5Q=="],

    "@standard-schema/spec": ["@standard-schema/spec@1.1.0", "", {}, "sha512-l2aFy5jALhniG5HgqrD6jXLi/rUWrKvqN/qJx6yoJsgKhblVd+iqqU4RCXavm/jPityDo5TCvKMnpjKnOriy0w=="],

    "@types/bun": ["@types/bun@1.3.10", "", { "dependencies": { "bun-types": "1.3.10" } }, "sha512-0+rlrUrOrTSskibryHbvQkDOWRJwJZqZlxrUs1u4oOoTln8+WIXBPmAuCF35SWB2z4Zl3E84Nl/D0P7803nigQ=="],

    "@types/node": ["@types/node@22.10.2", "", { "dependencies": { "undici-types": "~6.20.0" } }, "sha512-Xxr6BBRCAOQixvonOye19wnzyDiUtTeqldOOmj3CkeblonbccA12PFwlufvRdrpjXxqnmUaeiU5EOA+7s5diUQ=="],

    "@vercel/oidc": ["@vercel/oidc@3.2.0", "", {}, "sha512-UycprH3T6n3jH0k44NHMa7pnFHGu/N05MjojYr+Mc6I7obkoLIJujSWwin1pCvdy/eOxrI/l3uDLQsmcrOb4ug=="],

    "ai": ["ai@6.0.208", "", { "dependencies": { "@ai-sdk/gateway": "3.0.133", "@ai-sdk/provider": "3.0.10", "@ai-sdk/provider-utils": "4.0.30", "@opentelemetry/api": "^1.9.0" }, "peerDependencies": { "zod": "^3.25.76 || ^4.1.8" } }, "sha512-STz+AaZqJ4ZjH7UkpXkbHx+bjgIDOsE8fIUoZjkZ2whoZcfVmG9K/TqEKouJZ03SuZuD7lagntlU3zBhAEkRpQ=="],

    "bun-types": ["bun-types@1.3.10", "", { "dependencies": { "@types/node": "*" } }, "sha512-tcpfCCl6XWo6nCVnpcVrxQ+9AYN1iqMIzgrSKYMB/fjLtV2eyAVEg7AxQJuCq/26R6HpKWykQXuSOq/21RYcbg=="],

    "eventsource-parser": ["eventsource-parser@3.1.0", "", {}, "sha512-kJezFj9YFAMLeORyi7aCLxLbD5/qWMQnoMVlVPyHIll7lgRJCc3JVln9Vgl9nwQi0YkMnhdGTMNn7CkRRAptMg=="],

    "hono": ["hono@4.12.26", "", {}, "sha512-uyZtpnYxM9CmQ7QsQknM4zN8EftNqhON1qYeIKM0Se67CCEe2c44xyGURwB0axX2fBDu1dqHrHAc1hmNT8ITkw=="],

    "jose": ["jose@6.1.0", "", {}, "sha512-TTQJyoEoKcC1lscpVDCSsVgYzUDg/0Bt3WE//WiTPK6uOCQC2KZS4MpugbMWt/zyjkopgZoXhZuCi00gLudfUA=="],

    "json-schema": ["json-schema@0.4.0", "", {}, "sha512-es94M3nTIfsEPisRafak+HDLfHXnKBhV3vU5eqPcS3flIWqcxJWgXHXiey3YrpaNsanY5ei1VoYEbOzijuq9BA=="],

    "pkce-challenge": ["pkce-challenge@5.0.1", "", {}, "sha512-wQ0b/W4Fr01qtpHlqSqspcj3EhBvimsdh0KlHhH8HRZnMsEa0ea2fTULOXOS9ccQr3om+GcGRk4e+isrZWV8qQ=="],

    "typescript": ["typescript@5.7.3", "", { "bin": { "tsc": "bin/tsc", "tsserver": "bin/tsserver" } }, "sha512-84MVSjMEHP+FQRPy3pX9sTVV/INIex71s9TL2Gm5FG/WG1SqXeKyZ0k7/blY/4FdOzI12CBy1vGc4og/eus0fw=="],

    "undici-types": ["undici-types@6.20.0", "", {}, "sha512-Ny6QZ2Nju20vw1SRHe3d9jVu6gJ+4e3+MMpqu7pqE5HT6WsTSlce++GQmK5UXS8mzV8DSYHrQH+Xrf2jVcuKNg=="],

    "zod": ["zod@4.4.3", "", {}, "sha512-ytENFjIJFl2UwYglde2jchW2Hwm4GJFLDiSXWdTrJQBIN9Fcyp7n4DhxJEiWNAJMV1/BqWfW/kkg71UDcHJyTQ=="],

    "@ai-sdk/mcp/@ai-sdk/provider": ["@ai-sdk/provider@3.0.14", "", { "dependencies": { "json-schema": "^0.4.0" } }, "sha512-5X1k57JBJ4H7H1QjX7CnJYAB1I19r/trVZTMcSms7/kLNZ8RaU4Nt2agcwZzv82Hfx6Q7/TOLU7agAKeFfc8cA=="],

    "@ai-sdk/mcp/@ai-sdk/provider-utils": ["@ai-sdk/provider-utils@4.0.38", "", { "dependencies": { "@ai-sdk/provider": "3.0.14", "@standard-schema/spec": "^1.1.0", "eventsource-parser": "^3.0.8" }, "peerDependencies": { "zod": "^3.25.76 || ^4.1.8" } }, "sha512-/HHGmtKllqjg1OLc023v9w9kK3laW7Z6TzfZukYQWCsGBbzB9p60zTvvpXFVcs44NZBVXL3viOa1HRKUbeee8g=="],

    "@ai-sdk/openai-compatible/@ai-sdk/provider": ["@ai-sdk/provider@3.0.14", "", { "dependencies": { "json-schema": "^0.4.0" } }, "sha512-5X1k57JBJ4H7H1QjX7CnJYAB1I19r/trVZTMcSms7/kLNZ8RaU4Nt2agcwZzv82Hfx6Q7/TOLU7agAKeFfc8cA=="],

    "@ai-sdk/openai-compatible/@ai-sdk/provider-utils": ["@ai-sdk/provider-utils@4.0.38", "", { "dependencies": { "@ai-sdk/provider": "3.0.14", "@standard-schema/spec": "^1.1.0", "eventsource-parser": "^3.0.8" }, "peerDependencies": { "zod": "^3.25.76 || ^4.1.8" } }, "sha512-/HHGmtKllqjg1OLc023v9w9kK3laW7Z6TzfZukYQWCsGBbzB9p60zTvvpXFVcs44NZBVXL3viOa1HRKUbeee8g=="],
  }
}
